
Microsoft Visual Studio Solution File, Format Version 12.00
# Visual Studio Version 17
VisualStudioVersion = 17.14.36121.58 d17.14
MinimumVisualStudioVersion = 10.0.40219.1
Project("{8BC9CEB8-8B4A-11D0-8D11-00A0C91BC942}") = "4번 과제", "4번 과제\4번 과제.vcxproj", "{88F963A9-32E2-463E-9D17-343615B00AF8}"
EndProject
Global
	GlobalSection(SolutionConfigurationPlatforms) = preSolution
		Debug|x64 = Debug|x64
		Debug|x86 = Debug|x86
		Release|x64 = Release|x64
		Release|x86 = Release|x86
	EndGlobalSection
	GlobalSection(ProjectConfigurationPlatforms) = postSolution
		{88F963A9-32E2-463E-9D17-343615B00AF8}.Debug|x64.ActiveCfg = Debug|x64
		{88F963A9-32E2-463E-9D17-343615B00AF8}.Debug|x64.Build.0 = Debug|x64
		{88F963A9-32E2-463E-9D17-343615B00AF8}.Debug|x86.ActiveCfg = Debug|Win32
		{88F963A9-32E2-463E-9D17-343615B00AF8}.Debug|x86.Build.0 = Debug|Win32
		{88F963A9-32E2-463E-9D17-343615B00AF8}.Release|x64.ActiveCfg = Release|x64
		{88F963A9-32E2-463E-9D17-343615B00AF8}.Release|x64.Build.0 = Release|x64
		{88F963A9-32E2-463E-9D17-343615B00AF8}.Release|x86.ActiveCfg = Release|Win32
		{88F963A9-32E2-463E-9D17-343615B00AF8}.Release|x86.Build.0 = Release|Win32
	EndGlobalSection
	GlobalSection(SolutionProperties) = preSolution
		HideSolutionNode = FALSE
	EndGlobalSection
	GlobalSection(ExtensibilityGlobals) = postSolution
		SolutionGuid = {215D620C-DA79-4A2C-8492-44CD6527832A}
	EndGlobalSection
EndGlobal
